// !$*UTF8*$!
{
	archiveVersion = 1;
	classes = {
	};
	objectVersion = 55;
	objects = {

/* Begin PBXBuildFile section */
		D14651B427C0224C00EA71DE /* CameraTrainerApp.swift in Sources */ = {isa = PBXBuildFile; fileRef = D14651B327C0224C00EA71DE /* CameraTrainerApp.swift */; };
		D14651B627C0224C00EA71DE /* ContentView.swift in Sources */ = {isa = PBXBuildFile; fileRef = D14651B527C0224C00EA71DE /* ContentView.swift */; };
		D14651B827C0224D00EA71DE /* Assets.xcassets in Resources */ = {isa = PBXBuildFile; fileRef = D14651B727C0224D00EA71DE /* Assets.xcassets */; };
		D14651BB27C0224D00EA71DE /* Preview Assets.xcassets in Resources */ = {isa = PBXBuildFile; fileRef = D14651BA27C0224D00EA71DE /* Preview Assets.xcassets */; };
		D14651C527C0224E00EA71DE /* CameraTrainerTests.swift in Sources */ = {isa = PBXBuildFile; fileRef = D14651C427C0224E00EA71DE /* CameraTrainerTests.swift */; };
		D14651CF27C0224E00EA71DE /* CameraTrainerUITests.swift in Sources */ = {isa = PBXBuildFile; fileRef = D14651CE27C0224E00EA71DE /* CameraTrainerUITests.swift */; };
		D14651D127C0224E00EA71DE /* CameraTrainerUITestsLaunchTests.swift in Sources */ = {isa = PBXBuildFile; fileRef = D14651D027C0224E00EA71DE /* CameraTrainerUITestsLaunchTests.swift */; };
		D14651DE27C022D800EA71DE /* VideoView.swift in Sources */ = {isa = PBXBuildFile; fileRef = D14651DD27C022D800EA71DE /* VideoView.swift */; };
		D14651E027C026A500EA71DE /* EventObservation.swift in Sources */ = {isa = PBXBuildFile; fileRef = D14651DF27C026A500EA71DE /* EventObservation.swift */; };
		D14651E427C0276D00EA71DE /* ModelData.swift in Sources */ = {isa = PBXBuildFile; fileRef = D14651E327C0276D00EA71DE /* ModelData.swift */; };
		D14651E627C027E700EA71DE /* uncategorized.json in Resources */ = {isa = PBXBuildFile; fileRef = D14651E527C027E700EA71DE /* uncategorized.json */; };
		D14651EC27C0618F00EA71DE /* LabelEntryView.swift in Sources */ = {isa = PBXBuildFile; fileRef = D14651EB27C0618F00EA71DE /* LabelEntryView.swift */; };
		D14651EE27C1521400EA71DE /* LabelingView.swift in Sources */ = {isa = PBXBuildFile; fileRef = D14651ED27C1521400EA71DE /* LabelingView.swift */; };
		D14651F027C15C3000EA71DE /* labels.json in Resources */ = {isa = PBXBuildFile; fileRef = D14651EF27C15C3000EA71DE /* labels.json */; };
		D14651F227C2BCC000EA71DE /* CredentialEntryView.swift in Sources */ = {isa = PBXBuildFile; fileRef = D14651F127C2BCC000EA71DE /* CredentialEntryView.swift */; };
		D14651F427C2D79A00EA71DE /* CommitButton.swift in Sources */ = {isa = PBXBuildFile; fileRef = D14651F327C2D79A00EA71DE /* CommitButton.swift */; };
		D14651F627C2FD4600EA71DE /* empty_event_observations_array.json in Resources */ = {isa = PBXBuildFile; fileRef = D14651F527C2FD4600EA71DE /* empty_event_observations_array.json */; };
/* End PBXBuildFile section */

/* Begin PBXContainerItemProxy section */
		D14651C127C0224E00EA71DE /* PBXContainerItemProxy */ = {
			isa = PBXContainerItemProxy;
			containerPortal = D14651A827C0224C00EA71DE /* Project object */;
			proxyType = 1;
			remoteGlobalIDString = D14651AF27C0224C00EA71DE;
			remoteInfo = CameraTrainer;
		};
		D14651CB27C0224E00EA71DE /* PBXContainerItemProxy */ = {
			isa = PBXContainerItemProxy;
			containerPortal = D14651A827C0224C00EA71DE /* Project object */;
			proxyType = 1;
			remoteGlobalIDString = D14651AF27C0224C00EA71DE;
			remoteInfo = CameraTrainer;
		};
/* End PBXContainerItemProxy section */

/* Begin PBXFileReference section */
		D14651B027C0224C00EA71DE /* CameraTrainer.app */ = {isa = PBXFileReference; explicitFileType = wrapper.application; includeInIndex = 0; path = CameraTrainer.app; sourceTree = BUILT_PRODUCTS_DIR; };
		D14651B327C0224C00EA71DE /* CameraTrainerApp.swift */ = {isa = PBXFileReference; lastKnownFileType = sourcecode.swift; path = CameraTrainerApp.swift; sourceTree = "<group>"; };
		D14651B527C0224C00EA71DE /* ContentView.swift */ = {isa = PBXFileReference; lastKnownFileType = sourcecode.swift; path = ContentView.swift; sourceTree = "<group>"; };
		D14651B727C0224D00EA71DE /* Assets.xcassets */ = {isa = PBXFileReference; lastKnownFileType = folder.assetcatalog; path = Assets.xcassets; sourceTree = "<group>"; };
		D14651BA27C0224D00EA71DE /* Preview Assets.xcassets */ = {isa = PBXFileReference; lastKnownFileType = folder.assetcatalog; path = "Preview Assets.xcassets"; sourceTree = "<group>"; };
		D14651C027C0224E00EA71DE /* CameraTrainerTests.xctest */ = {isa = PBXFileReference; explicitFileType = wrapper.cfbundle; includeInIndex = 0; path = CameraTrainerTests.xctest; sourceTree = BUILT_PRODUCTS_DIR; };
		D14651C427C0224E00EA71DE /* CameraTrainerTests.swift */ = {isa = PBXFileReference; lastKnownFileType = sourcecode.swift; path = CameraTrainerTests.swift; sourceTree = "<group>"; };
		D14651CA27C0224E00EA71DE /* CameraTrainerUITests.xctest */ = {isa = PBXFileReference; explicitFileType = wrapper.cfbundle; includeInIndex = 0; path = CameraTrainerUITests.xctest; sourceTree = BUILT_PRODUCTS_DIR; };
		D14651CE27C0224E00EA71DE /* CameraTrainerUITests.swift */ = {isa = PBXFileReference; lastKnownFileType = sourcecode.swift; path = CameraTrainerUITests.swift; sourceTree = "<group>"; };
		D14651D027C0224E00EA71DE /* CameraTrainerUITestsLaunchTests.swift */ = {isa = PBXFileReference; lastKnownFileType = sourcecode.swift; path = CameraTrainerUITestsLaunchTests.swift; sourceTree = "<group>"; };
		D14651DD27C022D800EA71DE /* VideoView.swift */ = {isa = PBXFileReference; lastKnownFileType = sourcecode.swift; path = VideoView.swift; sourceTree = "<group>"; };
		D14651DF27C026A500EA71DE /* EventObservation.swift */ = {isa = PBXFileReference; lastKnownFileType = sourcecode.swift; path = EventObservation.swift; sourceTree = "<group>"; };
		D14651E327C0276D00EA71DE /* ModelData.swift */ = {isa = PBXFileReference; lastKnownFileType = sourcecode.swift; path = ModelData.swift; sourceTree = "<group>"; };
		D14651E527C027E700EA71DE /* uncategorized.json */ = {isa = PBXFileReference; fileEncoding = 4; lastKnownFileType = text.json; path = uncategorized.json; sourceTree = "<group>"; };
		D14651EB27C0618F00EA71DE /* LabelEntryView.swift */ = {isa = PBXFileReference; lastKnownFileType = sourcecode.swift; path = LabelEntryView.swift; sourceTree = "<group>"; };
		D14651ED27C1521400EA71DE /* LabelingView.swift */ = {isa = PBXFileReference; lastKnownFileType = sourcecode.swift; path = LabelingView.swift; sourceTree = "<group>"; };
		D14651EF27C15C3000EA71DE /* labels.json */ = {isa = PBXFileReference; lastKnownFileType = text.json; path = labels.json; sourceTree = "<group>"; };
		D14651F127C2BCC000EA71DE /* CredentialEntryView.swift */ = {isa = PBXFileReference; lastKnownFileType = sourcecode.swift; path = CredentialEntryView.swift; sourceTree = "<group>"; };
		D14651F327C2D79A00EA71DE /* CommitButton.swift */ = {isa = PBXFileReference; lastKnownFileType = sourcecode.swift; path = CommitButton.swift; sourceTree = "<group>"; };
		D14651F527C2FD4600EA71DE /* empty_event_observations_array.json */ = {isa = PBXFileReference; fileEncoding = 4; lastKnownFileType = text.json; path = empty_event_observations_array.json; sourceTree = "<group>"; };
/* End PBXFileReference section */

/* Begin PBXFrameworksBuildPhase section */
		D14651AD27C0224C00EA71DE /* Frameworks */ = {
			isa = PBXFrameworksBuildPhase;
			buildActionMask = 2147483647;
			files = (
			);
			runOnlyForDeploymentPostprocessing = 0;
		};
		D14651BD27C0224E00EA71DE /* Frameworks */ = {
			isa = PBXFrameworksBuildPhase;
			buildActionMask = 2147483647;
			files = (
			);
			runOnlyForDeploymentPostprocessing = 0;
		};
		D14651C727C0224E00EA71DE /* Frameworks */ = {
			isa = PBXFrameworksBuildPhase;
			buildActionMask = 2147483647;
			files = (
			);
			runOnlyForDeploymentPostprocessing = 0;
		};
/* End PBXFrameworksBuildPhase section */

/* Begin PBXGroup section */
		D14651A727C0224C00EA71DE = {
			isa = PBXGroup;
			children = (
				D14651B227C0224C00EA71DE /* CameraTrainer */,
				D14651C327C0224E00EA71DE /* CameraTrainerTests */,
				D14651CD27C0224E00EA71DE /* CameraTrainerUITests */,
				D14651B127C0224C00EA71DE /* Products */,
			);
			sourceTree = "<group>";
		};
		D14651B127C0224C00EA71DE /* Products */ = {
			isa = PBXGroup;
			children = (
				D14651B027C0224C00EA71DE /* CameraTrainer.app */,
				D14651C027C0224E00EA71DE /* CameraTrainerTests.xctest */,
				D14651CA27C0224E00EA71DE /* CameraTrainerUITests.xctest */,
			);
			name = Products;
			sourceTree = "<group>";
		};
		D14651B227C0224C00EA71DE /* CameraTrainer */ = {
			isa = PBXGroup;
			children = (
				D14651B327C0224C00EA71DE /* CameraTrainerApp.swift */,
				D14651E127C0274C00EA71DE /* View */,
				D14651B727C0224D00EA71DE /* Assets.xcassets */,
				D14651F527C2FD4600EA71DE /* empty_event_observations_array.json */,
				D14651E527C027E700EA71DE /* uncategorized.json */,
				D14651EF27C15C3000EA71DE /* labels.json */,
				D14651B927C0224D00EA71DE /* Preview Content */,
				D14651E227C0275E00EA71DE /* Model */,
			);
			path = CameraTrainer;
			sourceTree = "<group>";
		};
		D14651B927C0224D00EA71DE /* Preview Content */ = {
			isa = PBXGroup;
			children = (
				D14651BA27C0224D00EA71DE /* Preview Assets.xcassets */,
			);
			path = "Preview Content";
			sourceTree = "<group>";
		};
		D14651C327C0224E00EA71DE /* CameraTrainerTests */ = {
			isa = PBXGroup;
			children = (
				D14651C427C0224E00EA71DE /* CameraTrainerTests.swift */,
			);
			path = CameraTrainerTests;
			sourceTree = "<group>";
		};
		D14651CD27C0224E00EA71DE /* CameraTrainerUITests */ = {
			isa = PBXGroup;
			children = (
				D14651CE27C0224E00EA71DE /* CameraTrainerUITests.swift */,
				D14651D027C0224E00EA71DE /* CameraTrainerUITestsLaunchTests.swift */,
			);
			path = CameraTrainerUITests;
			sourceTree = "<group>";
		};
		D14651E127C0274C00EA71DE /* View */ = {
			isa = PBXGroup;
			children = (
				D14651B527C0224C00EA71DE /* ContentView.swift */,
				D14651DD27C022D800EA71DE /* VideoView.swift */,
				D14651EB27C0618F00EA71DE /* LabelEntryView.swift */,
				D14651ED27C1521400EA71DE /* LabelingView.swift */,
				D14651F127C2BCC000EA71DE /* CredentialEntryView.swift */,
				D14651F327C2D79A00EA71DE /* CommitButton.swift */,
			);
			path = View;
			sourceTree = "<group>";
		};
		D14651E227C0275E00EA71DE /* Model */ = {
			isa = PBXGroup;
			children = (
				D14651DF27C026A500EA71DE /* EventObservation.swift */,
				D14651E327C0276D00EA71DE /* ModelData.swift */,
			);
			path = Model;
			sourceTree = "<group>";
		};
/* End PBXGroup section */

/* Begin PBXNativeTarget section */
		D14651AF27C0224C00EA71DE /* CameraTrainer */ = {
			isa = PBXNativeTarget;
			buildConfigurationList = D14651D427C0224E00EA71DE /* Build configuration list for PBXNativeTarget "CameraTrainer" */;
			buildPhases = (
				D14651AC27C0224C00EA71DE /* Sources */,
				D14651AD27C0224C00EA71DE /* Frameworks */,
				D14651AE27C0224C00EA71DE /* Resources */,
			);
			buildRules = (
			);
			dependencies = (
			);
			name = CameraTrainer;
			productName = CameraTrainer;
			productReference = D14651B027C0224C00EA71DE /* CameraTrainer.app */;
			productType = "com.apple.product-type.application";
		};
		D14651BF27C0224E00EA71DE /* CameraTrainerTests */ = {
			isa = PBXNativeTarget;
			buildConfigurationList = D14651D727C0224E00EA71DE /* Build configuration list for PBXNativeTarget "CameraTrainerTests" */;
			buildPhases = (
				D14651BC27C0224E00EA71DE /* Sources */,
				D14651BD27C0224E00EA71DE /* Frameworks */,
				D14651BE27C0224E00EA71DE /* Resources */,
			);
			buildRules = (
			);
			dependencies = (
				D14651C227C0224E00EA71DE /* PBXTargetDependency */,
			);
			name = CameraTrainerTests;
			productName = CameraTrainerTests;
			productReference = D14651C027C0224E00EA71DE /* CameraTrainerTests.xctest */;
			productType = "com.apple.product-type.bundle.unit-test";
		};
		D14651C927C0224E00EA71DE /* CameraTrainerUITests */ = {
			isa = PBXNativeTarget;
			buildConfigurationList = D14651DA27C0224E00EA71DE /* Build configuration list for PBXNativeTarget "CameraTrainerUITests" */;
			buildPhases = (
				D14651C627C0224E00EA71DE /* Sources */,
				D14651C727C0224E00EA71DE /* Frameworks */,
				D14651C827C0224E00EA71DE /* Resources */,
			);
			buildRules = (
			);
			dependencies = (
				D14651CC27C0224E00EA71DE /* PBXTargetDependency */,
			);
			name = CameraTrainerUITests;
			productName = CameraTrainerUITests;
			productReference = D14651CA27C0224E00EA71DE /* CameraTrainerUITests.xctest */;
			productType = "com.apple.product-type.bundle.ui-testing";
		};
/* End PBXNativeTarget section */

/* Begin PBXProject section */
		D14651A827C0224C00EA71DE /* Project object */ = {
			isa = PBXProject;
			attributes = {
				BuildIndependentTargetsInParallel = 1;
				LastSwiftUpdateCheck = 1320;
				LastUpgradeCheck = 1320;
				TargetAttributes = {
					D14651AF27C0224C00EA71DE = {
						CreatedOnToolsVersion = 13.2.1;
					};
					D14651BF27C0224E00EA71DE = {
						CreatedOnToolsVersion = 13.2.1;
						TestTargetID = D14651AF27C0224C00EA71DE;
					};
					D14651C927C0224E00EA71DE = {
						CreatedOnToolsVersion = 13.2.1;
						TestTargetID = D14651AF27C0224C00EA71DE;
					};
				};
			};
			buildConfigurationList = D14651AB27C0224C00EA71DE /* Build configuration list for PBXProject "CameraTrainer" */;
			compatibilityVersion = "Xcode 13.0";
			developmentRegion = en;
			hasScannedForEncodings = 0;
			knownRegions = (
				en,
				Base,
			);
			mainGroup = D14651A727C0224C00EA71DE;
			productRefGroup = D14651B127C0224C00EA71DE /* Products */;
			projectDirPath = "";
			projectRoot = "";
			targets = (
				D14651AF27C0224C00EA71DE /* CameraTrainer */,
				D14651BF27C0224E00EA71DE /* CameraTrainerTests */,
				D14651C927C0224E00EA71DE /* CameraTrainerUITests */,
			);
		};
/* End PBXProject section */

/* Begin PBXResourcesBuildPhase section */
		D14651AE27C0224C00EA71DE /* Resources */ = {
			isa = PBXResourcesBuildPhase;
			buildActionMask = 2147483647;
			files = (
				D14651F027C15C3000EA71DE /* labels.json in Resources */,
				D14651E627C027E700EA71DE /* uncategorized.json in Resources */,
				D14651BB27C0224D00EA71DE /* Preview Assets.xcassets in Resources */,
				D14651F627C2FD4600EA71DE /* empty_event_observations_array.json in Resources */,
				D14651B827C0224D00EA71DE /* Assets.xcassets in Resources */,
			);
			runOnlyForDeploymentPostprocessing = 0;
		};
		D14651BE27C0224E00EA71DE /* Resources */ = {
			isa = PBXResourcesBuildPhase;
			buildActionMask = 2147483647;
			files = (
			);
			runOnlyForDeploymentPostprocessing = 0;
		};
		D14651C827C0224E00EA71DE /* Resources */ = {
			isa = PBXResourcesBuildPhase;
			buildActionMask = 2147483647;
			files = (
			);
			runOnlyForDeploymentPostprocessing = 0;
		};
/* End PBXResourcesBuildPhase section */

/* Begin PBXSourcesBuildPhase section */
		D14651AC27C0224C00EA71DE /* Sources */ = {
			isa = PBXSourcesBuildPhase;
			buildActionMask = 2147483647;
			files = (
				D14651DE27C022D800EA71DE /* VideoView.swift in Sources */,
				D14651B627C0224C00EA71DE /* ContentView.swift in Sources */,
				D14651F427C2D79A00EA71DE /* CommitButton.swift in Sources */,
				D14651EE27C1521400EA71DE /* LabelingView.swift in Sources */,
				D14651EC27C0618F00EA71DE /* LabelEntryView.swift in Sources */,
				D14651F227C2BCC000EA71DE /* CredentialEntryView.swift in Sources */,
				D14651E427C0276D00EA71DE /* ModelData.swift in Sources */,
				D14651B427C0224C00EA71DE /* CameraTrainerApp.swift in Sources */,
				D14651E027C026A500EA71DE /* EventObservation.swift in Sources */,
			);
			runOnlyForDeploymentPostprocessing = 0;
		};
		D14651BC27C0224E00EA71DE /* Sources */ = {
			isa = PBXSourcesBuildPhase;
			buildActionMask = 2147483647;
			files = (
				D14651C527C0224E00EA71DE /* CameraTrainerTests.swift in Sources */,
			);
			runOnlyForDeploymentPostprocessing = 0;
		};
		D14651C627C0224E00EA71DE /* Sources */ = {
			isa = PBXSourcesBuildPhase;
			buildActionMask = 2147483647;
			files = (
				D14651CF27C0224E00EA71DE /* CameraTrainerUITests.swift in Sources */,
				D14651D127C0224E00EA71DE /* CameraTrainerUITestsLaunchTests.swift in Sources */,
			);
			runOnlyForDeploymentPostprocessing = 0;
		};
/* End PBXSourcesBuildPhase section */

/* Begin PBXTargetDependency section */
		D14651C227C0224E00EA71DE /* PBXTargetDependency */ = {
			isa = PBXTargetDependency;
			target = D14651AF27C0224C00EA71DE /* CameraTrainer */;
			targetProxy = D14651C127C0224E00EA71DE /* PBXContainerItemProxy */;
		};
		D14651CC27C0224E00EA71DE /* PBXTargetDependency */ = {
			isa = PBXTargetDependency;
			target = D14651AF27C0224C00EA71DE /* CameraTrainer */;
			targetProxy = D14651CB27C0224E00EA71DE /* PBXContainerItemProxy */;
		};
/* End PBXTargetDependency section */

/* Begin XCBuildConfiguration section */
		D14651D227C0224E00EA71DE /* Debug */ = {
			isa = XCBuildConfiguration;
			buildSettings = {
				ALWAYS_SEARCH_USER_PATHS = NO;
				CLANG_ANALYZER_NONNULL = YES;
				CLANG_ANALYZER_NUMBER_OBJECT_CONVERSION = YES_AGGRESSIVE;
				CLANG_CXX_LANGUAGE_STANDARD = "gnu++17";
				CLANG_CXX_LIBRARY = "libc++";
				CLANG_ENABLE_MODULES = YES;
				CLANG_ENABLE_OBJC_ARC = YES;
				CLANG_ENABLE_OBJC_WEAK = YES;
				CLANG_WARN_BLOCK_CAPTURE_AUTORELEASING = YES;
				CLANG_WARN_BOOL_CONVERSION = YES;
				CLANG_WARN_COMMA = YES;
				CLANG_WARN_CONSTANT_CONVERSION = YES;
				CLANG_WARN_DEPRECATED_OBJC_IMPLEMENTATIONS = YES;
				CLANG_WARN_DIRECT_OBJC_ISA_USAGE = YES_ERROR;
				CLANG_WARN_DOCUMENTATION_COMMENTS = YES;
				CLANG_WARN_EMPTY_BODY = YES;
				CLANG_WARN_ENUM_CONVERSION = YES;
				CLANG_WARN_INFINITE_RECURSION = YES;
				CLANG_WARN_INT_CONVERSION = YES;
				CLANG_WARN_NON_LITERAL_NULL_CONVERSION = YES;
				CLANG_WARN_OBJC_IMPLICIT_RETAIN_SELF = YES;
				CLANG_WARN_OBJC_LITERAL_CONVERSION = YES;
				CLANG_WARN_OBJC_ROOT_CLASS = YES_ERROR;
				CLANG_WARN_QUOTED_INCLUDE_IN_FRAMEWORK_HEADER = YES;
				CLANG_WARN_RANGE_LOOP_ANALYSIS = YES;
				CLANG_WARN_STRICT_PROTOTYPES = YES;
				CLANG_WARN_SUSPICIOUS_MOVE = YES;
				CLANG_WARN_UNGUARDED_AVAILABILITY = YES_AGGRESSIVE;
				CLANG_WARN_UNREACHABLE_CODE = YES;
				CLANG_WARN__DUPLICATE_METHOD_MATCH = YES;
				COPY_PHASE_STRIP = NO;
				DEBUG_INFORMATION_FORMAT = dwarf;
				ENABLE_STRICT_OBJC_MSGSEND = YES;
				ENABLE_TESTABILITY = YES;
				GCC_C_LANGUAGE_STANDARD = gnu11;
				GCC_DYNAMIC_NO_PIC = NO;
				GCC_NO_COMMON_BLOCKS = YES;
				GCC_OPTIMIZATION_LEVEL = 0;
				GCC_PREPROCESSOR_DEFINITIONS = (
					"DEBUG=1",
					"$(inherited)",
				);
				GCC_WARN_64_TO_32_BIT_CONVERSION = YES;
				GCC_WARN_ABOUT_RETURN_TYPE = YES_ERROR;
				GCC_WARN_UNDECLARED_SELECTOR = YES;
				GCC_WARN_UNINITIALIZED_AUTOS = YES_AGGRESSIVE;
				GCC_WARN_UNUSED_FUNCTION = YES;
				GCC_WARN_UNUSED_VARIABLE = YES;
				IPHONEOS_DEPLOYMENT_TARGET = 15.2;
				MTL_ENABLE_DEBUG_INFO = INCLUDE_SOURCE;
				MTL_FAST_MATH = YES;
				ONLY_ACTIVE_ARCH = YES;
				SDKROOT = iphoneos;
				SWIFT_ACTIVE_COMPILATION_CONDITIONS = DEBUG;
				SWIFT_OPTIMIZATION_LEVEL = "-Onone";
			};
			name = Debug;
		};
		D14651D327C0224E00EA71DE /* Release */ = {
			isa = XCBuildConfiguration;
			buildSettings = {
				ALWAYS_SEARCH_USER_PATHS = NO;
				CLANG_ANALYZER_NONNULL = YES;
				CLANG_ANALYZER_NUMBER_OBJECT_CONVERSION = YES_AGGRESSIVE;
				CLANG_CXX_LANGUAGE_STANDARD = "gnu++17";
				CLANG_CXX_LIBRARY = "libc++";
				CLANG_ENABLE_MODULES = YES;
				CLANG_ENABLE_OBJC_ARC = YES;
				CLANG_ENABLE_OBJC_WEAK = YES;
				CLANG_WARN_BLOCK_CAPTURE_AUTORELEASING = YES;
				CLANG_WARN_BOOL_CONVERSION = YES;
				CLANG_WARN_COMMA = YES;
				CLANG_WARN_CONSTANT_CONVERSION = YES;
				CLANG_WARN_DEPRECATED_OBJC_IMPLEMENTATIONS = YES;
				CLANG_WARN_DIRECT_OBJC_ISA_USAGE = YES_ERROR;
				CLANG_WARN_DOCUMENTATION_COMMENTS = YES;
				CLANG_WARN_EMPTY_BODY = YES;
				CLANG_WARN_ENUM_CONVERSION = YES;
				CLANG_WARN_INFINITE_RECURSION = YES;
				CLANG_WARN_INT_CONVERSION = YES;
				CLANG_WARN_NON_LITERAL_NULL_CONVERSION = YES;
				CLANG_WARN_OBJC_IMPLICIT_RETAIN_SELF = YES;
				CLANG_WARN_OBJC_LITERAL_CONVERSION = YES;
				CLANG_WARN_OBJC_ROOT_CLASS = YES_ERROR;
				CLANG_WARN_QUOTED_INCLUDE_IN_FRAMEWORK_HEADER = YES;
				CLANG_WARN_RANGE_LOOP_ANALYSIS = YES;
				CLANG_WARN_STRICT_PROTOTYPES = YES;
				CLANG_WARN_SUSPICIOUS_MOVE = YES;
				CLANG_WARN_UNGUARDED_AVAILABILITY = YES_AGGRESSIVE;
				CLANG_WARN_UNREACHABLE_CODE = YES;
				CLANG_WARN__DUPLICATE_METHOD_MATCH = YES;
				COPY_PHASE_STRIP = NO;
				DEBUG_INFORMATION_FORMAT = "dwarf-with-dsym";
				ENABLE_NS_ASSERTIONS = NO;
				ENABLE_STRICT_OBJC_MSGSEND = YES;
				GCC_C_LANGUAGE_STANDARD = gnu11;
				GCC_NO_COMMON_BLOCKS = YES;
				GCC_WARN_64_TO_32_BIT_CONVERSION = YES;
				GCC_WARN_ABOUT_RETURN_TYPE = YES_ERROR;
				GCC_WARN_UNDECLARED_SELECTOR = YES;
				GCC_WARN_UNINITIALIZED_AUTOS = YES_AGGRESSIVE;
				GCC_WARN_UNUSED_FUNCTION = YES;
				GCC_WARN_UNUSED_VARIABLE = YES;
				IPHONEOS_DEPLOYMENT_TARGET = 15.2;
				MTL_ENABLE_DEBUG_INFO = NO;
				MTL_FAST_MATH = YES;
				SDKROOT = iphoneos;
				SWIFT_COMPILATION_MODE = wholemodule;
				SWIFT_OPTIMIZATION_LEVEL = "-O";
				VALIDATE_PRODUCT = YES;
			};
			name = Release;
		};
		D14651D527C0224E00EA71DE /* Debug */ = {
			isa = XCBuildConfiguration;
			buildSettings = {
				ASSETCATALOG_COMPILER_APPICON_NAME = AppIcon;
				ASSETCATALOG_COMPILER_GLOBAL_ACCENT_COLOR_NAME = AccentColor;
				CODE_SIGN_STYLE = Automatic;
				CURRENT_PROJECT_VERSION = 1;
				DEVELOPMENT_ASSET_PATHS = "\"CameraTrainer/Preview Content\"";
				ENABLE_PREVIEWS = YES;
				GENERATE_INFOPLIST_FILE = YES;
				INFOPLIST_KEY_UIApplicationSceneManifest_Generation = YES;
				INFOPLIST_KEY_UIApplicationSupportsIndirectInputEvents = YES;
				INFOPLIST_KEY_UILaunchScreen_Generation = YES;
				INFOPLIST_KEY_UISupportedInterfaceOrientations_iPad = "UIInterfaceOrientationPortrait UIInterfaceOrientationPortraitUpsideDown UIInterfaceOrientationLandscapeLeft UIInterfaceOrientationLandscapeRight";
				INFOPLIST_KEY_UISupportedInterfaceOrientations_iPhone = "UIInterfaceOrientationPortrait UIInterfaceOrientationLandscapeLeft UIInterfaceOrientationLandscapeRight";
				LD_RUNPATH_SEARCH_PATHS = (
					"$(inherited)",
					"@executable_path/Frameworks",
				);
				MARKETING_VERSION = 1.0;
				PRODUCT_BUNDLE_IDENTIFIER = com.tomwhipple.CameraTrainer;
				PRODUCT_NAME = "$(TARGET_NAME)";
				SWIFT_EMIT_LOC_STRINGS = YES;
				SWIFT_VERSION = 5.0;
				TARGETED_DEVICE_FAMILY = "1,2";
			};
			name = Debug;
		};
		D14651D627C0224E00EA71DE /* Release */ = {
			isa = XCBuildConfiguration;
			buildSettings = {
				ASSETCATALOG_COMPILER_APPICON_NAME = AppIcon;
				ASSETCATALOG_COMPILER_GLOBAL_ACCENT_COLOR_NAME = AccentColor;
				CODE_SIGN_STYLE = Automatic;
				CURRENT_PROJECT_VERSION = 1;
				DEVELOPMENT_ASSET_PATHS = "\"CameraTrainer/Preview Content\"";
				ENABLE_PREVIEWS = YES;
				GENERATE_INFOPLIST_FILE = YES;
				INFOPLIST_KEY_UIApplicationSceneManifest_Generation = YES;
				INFOPLIST_KEY_UIApplicationSupportsIndirectInputEvents = YES;
				INFOPLIST_KEY_UILaunchScreen_Generation = YES;
				INFOPLIST_KEY_UISupportedInterfaceOrientations_iPad = "UIInterfaceOrientationPortrait UIInterfaceOrientationPortraitUpsideDown UIInterfaceOrientationLandscapeLeft UIInterfaceOrientationLandscapeRight";
				INFOPLIST_KEY_UISupportedInterfaceOrientations_iPhone = "UIInterfaceOrientationPortrait UIInterfaceOrientationLandscapeLeft UIInterfaceOrientationLandscapeRight";
				LD_RUNPATH_SEARCH_PATHS = (
					"$(inherited)",
					"@executable_path/Frameworks",
				);
				MARKETING_VERSION = 1.0;
				PRODUCT_BUNDLE_IDENTIFIER = com.tomwhipple.CameraTrainer;
				PRODUCT_NAME = "$(TARGET_NAME)";
				SWIFT_EMIT_LOC_STRINGS = YES;
				SWIFT_VERSION = 5.0;
				TARGETED_DEVICE_FAMILY = "1,2";
			};
			name = Release;
		};
		D14651D827C0224E00EA71DE /* Debug */ = {
			isa = XCBuildConfiguration;
			buildSettings = {
				ALWAYS_EMBED_SWIFT_STANDARD_LIBRARIES = YES;
				BUNDLE_LOADER = "$(TEST_HOST)";
				CODE_SIGN_STYLE = Automatic;
				CURRENT_PROJECT_VERSION = 1;
				GENERATE_INFOPLIST_FILE = YES;
				IPHONEOS_DEPLOYMENT_TARGET = 15.2;
				MARKETING_VERSION = 1.0;
				PRODUCT_BUNDLE_IDENTIFIER = com.tomwhipple.CameraTrainerTests;
				PRODUCT_NAME = "$(TARGET_NAME)";
				SWIFT_EMIT_LOC_STRINGS = NO;
				SWIFT_VERSION = 5.0;
				TARGETED_DEVICE_FAMILY = "1,2";
				TEST_HOST = "$(BUILT_PRODUCTS_DIR)/CameraTrainer.app/CameraTrainer";
			};
			name = Debug;
		};
		D14651D927C0224E00EA71DE /* Release */ = {
			isa = XCBuildConfiguration;
			buildSettings = {
				ALWAYS_EMBED_SWIFT_STANDARD_LIBRARIES = YES;
				BUNDLE_LOADER = "$(TEST_HOST)";
				CODE_SIGN_STYLE = Automatic;
				CURRENT_PROJECT_VERSION = 1;
				GENERATE_INFOPLIST_FILE = YES;
				IPHONEOS_DEPLOYMENT_TARGET = 15.2;
				MARKETING_VERSION = 1.0;
				PRODUCT_BUNDLE_IDENTIFIER = com.tomwhipple.CameraTrainerTests;
				PRODUCT_NAME = "$(TARGET_NAME)";
				SWIFT_EMIT_LOC_STRINGS = NO;
				SWIFT_VERSION = 5.0;
				TARGETED_DEVICE_FAMILY = "1,2";
				TEST_HOST = "$(BUILT_PRODUCTS_DIR)/CameraTrainer.app/CameraTrainer";
			};
			name = Release;
		};
		D14651DB27C0224E00EA71DE /* Debug */ = {
			isa = XCBuildConfiguration;
			buildSettings = {
				ALWAYS_EMBED_SWIFT_STANDARD_LIBRARIES = YES;
				CODE_SIGN_STYLE = Automatic;
				CURRENT_PROJECT_VERSION = 1;
				GENERATE_INFOPLIST_FILE = YES;
				MARKETING_VERSION = 1.0;
				PRODUCT_BUNDLE_IDENTIFIER = com.tomwhipple.CameraTrainerUITests;
				PRODUCT_NAME = "$(TARGET_NAME)";
				SWIFT_EMIT_LOC_STRINGS = NO;
				SWIFT_VERSION = 5.0;
				TARGETED_DEVICE_FAMILY = "1,2";
				TEST_TARGET_NAME = CameraTrainer;
			};
			name = Debug;
		};
		D14651DC27C0224E00EA71DE /* Release */ = {
			isa = XCBuildConfiguration;
			buildSettings = {
				ALWAYS_EMBED_SWIFT_STANDARD_LIBRARIES = YES;
				CODE_SIGN_STYLE = Automatic;
				CURRENT_PROJECT_VERSION = 1;
				GENERATE_INFOPLIST_FILE = YES;
				MARKETING_VERSION = 1.0;
				PRODUCT_BUNDLE_IDENTIFIER = com.tomwhipple.CameraTrainerUITests;
				PRODUCT_NAME = "$(TARGET_NAME)";
				SWIFT_EMIT_LOC_STRINGS = NO;
				SWIFT_VERSION = 5.0;
				TARGETED_DEVICE_FAMILY = "1,2";
				TEST_TARGET_NAME = CameraTrainer;
			};
			name = Release;
		};
/* End XCBuildConfiguration section */

/* Begin XCConfigurationList section */
		D14651AB27C0224C00EA71DE /* Build configuration list for PBXProject "CameraTrainer" */ = {
			isa = XCConfigurationList;
			buildConfigurations = (
				D14651D227C0224E00EA71DE /* Debug */,
				D14651D327C0224E00EA71DE /* Release */,
			);
			defaultConfigurationIsVisible = 0;
			defaultConfigurationName = Release;
		};
		D14651D427C0224E00EA71DE /* Build configuration list for PBXNativeTarget "CameraTrainer" */ = {
			isa = XCConfigurationList;
			buildConfigurations = (
				D14651D527C0224E00EA71DE /* Debug */,
				D14651D627C0224E00EA71DE /* Release */,
			);
			defaultConfigurationIsVisible = 0;
			defaultConfigurationName = Release;
		};
		D14651D727C0224E00EA71DE /* Build configuration list for PBXNativeTarget "CameraTrainerTests" */ = {
			isa = XCConfigurationList;
			buildConfigurations = (
				D14651D827C0224E00EA71DE /* Debug */,
				D14651D927C0224E00EA71DE /* Release */,
			);
			defaultConfigurationIsVisible = 0;
			defaultConfigurationName = Release;
		};
		D14651DA27C0224E00EA71DE /* Build configuration list for PBXNativeTarget "CameraTrainerUITests" */ = {
			isa = XCConfigurationList;
			buildConfigurations = (
				D14651DB27C0224E00EA71DE /* Debug */,
				D14651DC27C0224E00EA71DE /* Release */,
			);
			defaultConfigurationIsVisible = 0;
			defaultConfigurationName = Release;
		};
/* End XCConfigurationList section */
	};
	rootObject = D14651A827C0224C00EA71DE /* Project object */;
}
